{
  "name": "properscript",
  "version": "1.0.4",
  "lockfileVersion": 3,
  "requires": true,
  "packages": {
    "": {
      "name": "properscript",
      "version": "1.0.4",
      "license": "Apache-2.0",
      "dependencies": {
        "@properscript/runtime": "^1.0.1",
        "properscript": "file:properscript-1.0.4.tgz"
      },
      "bin": {
        "proper": "bin/cli.cjs"
      }
    },
    "node_modules/@properscript/runtime": {
      "version": "1.0.1",
      "resolved": "https://registry.npmjs.org/@properscript/runtime/-/runtime-1.0.1.tgz",
      "integrity": "sha512-14ttQwdOMtUfjMLWXEGNJho+RzIAdzLvNlPaqUEr3X9o2QS8lHMbL0EbfC4qhVR4+bOVGpukkbWyin0JAzGCjA==",
      "license": "Apache-2.0"
    },
    "node_modules/properscript": {
      "version": "1.0.4",
      "resolved": "file:properscript-1.0.4.tgz",
      "integrity": "sha512-x3cTWal8KShJxTP/bUaTry7DxvKL7/5rQqID7mw0MHZmW1bf8DnpLX2wcCL+SpEY2H9rdFi2t/kLgASJRE4FvA==",
      "license": "Apache-2.0",
      "dependencies": {
        "properscript": "^1.0.3"
      },
      "bin": {
        "proper": "bin/cli.cjs"
      }
    },
    "packages/cli": {
      "name": "@properscript/cli",
      "version": "1.0.0",
      "extraneous": true,
      "license": "Apache-2.0",
      "dependencies": {
        "@properscript/compiler": "file:../compiler"
      },
      "bin": {
        "proper": "index.cjs"
      }
    },
    "packages/compiler": {
      "name": "@properscript/compiler",
      "version": "1.0.0",
      "extraneous": true,
      "license": "Apache-2.0"
    }
  }
}
