{
  "name": "properscript",
  "version": "1.0.0",
  "lockfileVersion": 3,
  "requires": true,
  "packages": {
    "": {
      "name": "properscript",
      "version": "1.0.0",
      "license": "Apache-2.0",
      "bin": {
        "proper": "bin/cli.cjs"
      }
    },
    "packages/cli": {
      "name": "@properscript/cli",
      "version": "1.0.0",
      "extraneous": true,
      "license": "Apache-2.0",
      "dependencies": {
        "@properscript/compiler": "file:../compiler"
      },
      "bin": {
        "proper": "index.cjs"
      }
    },
    "packages/compiler": {
      "name": "@properscript/compiler",
      "version": "1.0.0",
      "extraneous": true,
      "license": "Apache-2.0"
    }
  }
}